
Microsoft Visual Studio Solution File, Format Version 12.00
# Visual Studio Version 17
VisualStudioVersion = 17.3.32825.248
MinimumVisualStudioVersion = 10.0.40219.1
Project("{FAE04EC0-301F-11D3-BF4B-00C04F79EFBC}") = "Portafolio", "Portafolio\Portafolio.csproj", "{98744112-8B6E-4486-BD7A-638E42E9918E}"
EndProject
Global
	GlobalSection(SolutionConfigurationPlatforms) = preSolution
		Debug|Any CPU = Debug|Any CPU
		Release|Any CPU = Release|Any CPU
	EndGlobalSection
	GlobalSection(ProjectConfigurationPlatforms) = postSolution
		{98744112-8B6E-4486-BD7A-638E42E9918E}.Debug|Any CPU.ActiveCfg = Debug|Any CPU
		{98744112-8B6E-4486-BD7A-638E42E9918E}.Debug|Any CPU.Build.0 = Debug|Any CPU
		{98744112-8B6E-4486-BD7A-638E42E9918E}.Release|Any CPU.ActiveCfg = Release|Any CPU
		{98744112-8B6E-4486-BD7A-638E42E9918E}.Release|Any CPU.Build.0 = Release|Any CPU
	EndGlobalSection
	GlobalSection(SolutionProperties) = preSolution
		HideSolutionNode = FALSE
	EndGlobalSection
	GlobalSection(ExtensibilityGlobals) = postSolution
		SolutionGuid = {CC54E94C-CDDD-4EFA-AA09-77EB6977ABC9}
	EndGlobalSection
EndGlobal
